// !$*UTF8*$!
{
	archiveVersion = 1;
	classes = {
	};
	objectVersion = 50;
	objects = {

/* Begin PBXBuildFile section */
		B514124725660657005205D0 /* ImageTableViewCell.swift in Sources */ = {isa = PBXBuildFile; fileRef = B514124525660657005205D0 /* ImageTableViewCell.swift */; };
		B514124825660657005205D0 /* ImageTableViewCell.xib in Resources */ = {isa = PBXBuildFile; fileRef = B514124625660657005205D0 /* ImageTableViewCell.xib */; };
		B51412512566082E005205D0 /* MainController.swift in Sources */ = {isa = PBXBuildFile; fileRef = B51412502566082E005205D0 /* MainController.swift */; };
		B514125D2566274F005205D0 /* UIViewControllerExtension.swift in Sources */ = {isa = PBXBuildFile; fileRef = B514125C2566274F005205D0 /* UIViewControllerExtension.swift */; };
		B514126325662A9C005205D0 /* UIColorExtension.swift in Sources */ = {isa = PBXBuildFile; fileRef = B514126225662A9C005205D0 /* UIColorExtension.swift */; };
		B514126C256631BC005205D0 /* ImageLoadOperation.swift in Sources */ = {isa = PBXBuildFile; fileRef = B514126B256631BC005205D0 /* ImageLoadOperation.swift */; };
		B51412752566384A005205D0 /* ImageCache.swift in Sources */ = {isa = PBXBuildFile; fileRef = B51412742566384A005205D0 /* ImageCache.swift */; };
		B5141289256639CD005205D0 /* ResponseSuccessModel.swift in Sources */ = {isa = PBXBuildFile; fileRef = B5141288256639CD005205D0 /* ResponseSuccessModel.swift */; };
		B5389527256661D800B68A41 /* ImageDetailViewController.swift in Sources */ = {isa = PBXBuildFile; fileRef = B5389526256661D800B68A41 /* ImageDetailViewController.swift */; };
		B538952F256661DF00B68A41 /* ImageDetailViewController.storyboard in Resources */ = {isa = PBXBuildFile; fileRef = B538952E256661DF00B68A41 /* ImageDetailViewController.storyboard */; };
		B53895362566636600B68A41 /* ImageDetailCollectionViewCell.swift in Sources */ = {isa = PBXBuildFile; fileRef = B53895342566636600B68A41 /* ImageDetailCollectionViewCell.swift */; };
		B53895372566636600B68A41 /* ImageDetailCollectionViewCell.xib in Resources */ = {isa = PBXBuildFile; fileRef = B53895352566636600B68A41 /* ImageDetailCollectionViewCell.xib */; };
		B538953F2566B01700B68A41 /* PanDirectionGestureRecognizer.swift in Sources */ = {isa = PBXBuildFile; fileRef = B538953E2566B01700B68A41 /* PanDirectionGestureRecognizer.swift */; };
		B538954F256748BD00B68A41 /* SizeEnum.swift in Sources */ = {isa = PBXBuildFile; fileRef = B538954E256748BD00B68A41 /* SizeEnum.swift */; };
		B538955B25674A5600B68A41 /* CellsEnum.swift in Sources */ = {isa = PBXBuildFile; fileRef = B538955A25674A5600B68A41 /* CellsEnum.swift */; };
		B538956A2567503F00B68A41 /* ViewControllersEnum.swift in Sources */ = {isa = PBXBuildFile; fileRef = B53895692567503F00B68A41 /* ViewControllersEnum.swift */; };
		B538957325678A6200B68A41 /* SearchViewController.swift in Sources */ = {isa = PBXBuildFile; fileRef = B538957225678A6200B68A41 /* SearchViewController.swift */; };
		B538957B25678A6800B68A41 /* SearchViewController.storyboard in Resources */ = {isa = PBXBuildFile; fileRef = B538957A25678A6800B68A41 /* SearchViewController.storyboard */; };
		B5389583256798AB00B68A41 /* SearchTitleTableViewCell.swift in Sources */ = {isa = PBXBuildFile; fileRef = B5389581256798AB00B68A41 /* SearchTitleTableViewCell.swift */; };
		B5389584256798AB00B68A41 /* SearchTitleTableViewCell.xib in Resources */ = {isa = PBXBuildFile; fileRef = B5389582256798AB00B68A41 /* SearchTitleTableViewCell.xib */; };
		B538958E2567997800B68A41 /* SearchKeywordTableViewCell.swift in Sources */ = {isa = PBXBuildFile; fileRef = B538958C2567997800B68A41 /* SearchKeywordTableViewCell.swift */; };
		B538958F2567997800B68A41 /* SearchKeywordTableViewCell.xib in Resources */ = {isa = PBXBuildFile; fileRef = B538958D2567997800B68A41 /* SearchKeywordTableViewCell.xib */; };
		B538959725679A8700B68A41 /* SearchController.swift in Sources */ = {isa = PBXBuildFile; fileRef = B538959625679A8700B68A41 /* SearchController.swift */; };
		B538959C25679C0E00B68A41 /* SearchModel.swift in Sources */ = {isa = PBXBuildFile; fileRef = B538959B25679C0E00B68A41 /* SearchModel.swift */; };
		B53895B325679FEF00B68A41 /* ImageDetailController.swift in Sources */ = {isa = PBXBuildFile; fileRef = B53895B225679FEF00B68A41 /* ImageDetailController.swift */; };
		B53895BB2567AC7700B68A41 /* UserDefaultWrapper.swift in Sources */ = {isa = PBXBuildFile; fileRef = B53895BA2567AC7700B68A41 /* UserDefaultWrapper.swift */; };
		B545569225790B1300EFF9DE /* ImageProvider.swift in Sources */ = {isa = PBXBuildFile; fileRef = B545569125790B1300EFF9DE /* ImageProvider.swift */; };
		B58CB62F2564A46500341A80 /* AppDelegate.swift in Sources */ = {isa = PBXBuildFile; fileRef = B58CB62E2564A46500341A80 /* AppDelegate.swift */; };
		B58CB6332564A46500341A80 /* ViewController.swift in Sources */ = {isa = PBXBuildFile; fileRef = B58CB6322564A46500341A80 /* ViewController.swift */; };
		B58CB6362564A46500341A80 /* Main.storyboard in Resources */ = {isa = PBXBuildFile; fileRef = B58CB6342564A46500341A80 /* Main.storyboard */; };
		B58CB6382564A46700341A80 /* Assets.xcassets in Resources */ = {isa = PBXBuildFile; fileRef = B58CB6372564A46700341A80 /* Assets.xcassets */; };
		B58CB63B2564A46700341A80 /* LaunchScreen.storyboard in Resources */ = {isa = PBXBuildFile; fileRef = B58CB6392564A46700341A80 /* LaunchScreen.storyboard */; };
		B58CB6462564A46700341A80 /* Unsplash_iOSTests.swift in Sources */ = {isa = PBXBuildFile; fileRef = B58CB6452564A46700341A80 /* Unsplash_iOSTests.swift */; };
		B58CB6512564A46700341A80 /* Unsplash_iOSUITests.swift in Sources */ = {isa = PBXBuildFile; fileRef = B58CB6502564A46700341A80 /* Unsplash_iOSUITests.swift */; };
		B5A34AA225650725006B5A08 /* unsplash.plist in Resources */ = {isa = PBXBuildFile; fileRef = B5A34AA125650725006B5A08 /* unsplash.plist */; };
		B5A34AAA25650AC9006B5A08 /* UnsplashPlistModel.swift in Sources */ = {isa = PBXBuildFile; fileRef = B5A34AA925650AC9006B5A08 /* UnsplashPlistModel.swift */; };
		B5A34AB125650B62006B5A08 /* APIService.swift in Sources */ = {isa = PBXBuildFile; fileRef = B5A34AB025650B62006B5A08 /* APIService.swift */; };
		B5A34AC925650F2D006B5A08 /* APIRequest.swift in Sources */ = {isa = PBXBuildFile; fileRef = B5A34AC825650F2D006B5A08 /* APIRequest.swift */; };
		B5A53D6425694D2A002CB417 /* MyViewController.swift in Sources */ = {isa = PBXBuildFile; fileRef = B5A53D6325694D2A002CB417 /* MyViewController.swift */; };
		B5A53D6D25694D35002CB417 /* MyViewController.storyboard in Resources */ = {isa = PBXBuildFile; fileRef = B5A53D6C25694D35002CB417 /* MyViewController.storyboard */; };
		B5A53D762569523C002CB417 /* AppInfoViewController.swift in Sources */ = {isa = PBXBuildFile; fileRef = B5A53D752569523C002CB417 /* AppInfoViewController.swift */; };
		B5A53D7E25695243002CB417 /* AppInfoViewController.storyboard in Resources */ = {isa = PBXBuildFile; fileRef = B5A53D7D25695243002CB417 /* AppInfoViewController.storyboard */; };
		B5CF50D625651BF100026AB9 /* PhotosModel.swift in Sources */ = {isa = PBXBuildFile; fileRef = B5CF50D525651BF100026AB9 /* PhotosModel.swift */; };
		B5CF50DC25651E7300026AB9 /* APIManager.swift in Sources */ = {isa = PBXBuildFile; fileRef = B5CF50DB25651E7300026AB9 /* APIManager.swift */; };
		B5F4880B2568B68400220405 /* UIViewExtension.swift in Sources */ = {isa = PBXBuildFile; fileRef = B5F4880A2568B68400220405 /* UIViewExtension.swift */; };
		B5F488102568BFD300220405 /* MainLoadingView.swift in Sources */ = {isa = PBXBuildFile; fileRef = B5F4880F2568BFD300220405 /* MainLoadingView.swift */; };
		B5F4881F2568F2B900220405 /* CollectionTableViewCell.swift in Sources */ = {isa = PBXBuildFile; fileRef = B5F4881D2568F2B900220405 /* CollectionTableViewCell.swift */; };
		B5F488202568F2B900220405 /* CollectionTableViewCell.xib in Resources */ = {isa = PBXBuildFile; fileRef = B5F4881E2568F2B900220405 /* CollectionTableViewCell.xib */; };
		B5F488292568F42B00220405 /* CollectionItemCollectionViewCell.swift in Sources */ = {isa = PBXBuildFile; fileRef = B5F488272568F42B00220405 /* CollectionItemCollectionViewCell.swift */; };
		B5F4882A2568F42B00220405 /* CollectionItemCollectionViewCell.xib in Resources */ = {isa = PBXBuildFile; fileRef = B5F488282568F42B00220405 /* CollectionItemCollectionViewCell.xib */; };
		B5F48830256901C700220405 /* CollectionListController.swift in Sources */ = {isa = PBXBuildFile; fileRef = B5F4882F256901C700220405 /* CollectionListController.swift */; };
		B5F488352569031700220405 /* CollectionModel.swift in Sources */ = {isa = PBXBuildFile; fileRef = B5F488342569031700220405 /* CollectionModel.swift */; };
		B5F4883C25690AD200220405 /* MainListTitleTableViewCell.swift in Sources */ = {isa = PBXBuildFile; fileRef = B5F4883A25690AD200220405 /* MainListTitleTableViewCell.swift */; };
		B5F4883D25690AD200220405 /* MainListTitleTableViewCell.xib in Resources */ = {isa = PBXBuildFile; fileRef = B5F4883B25690AD200220405 /* MainListTitleTableViewCell.xib */; };
		B5F48846256910B600220405 /* CollectionViewController.swift in Sources */ = {isa = PBXBuildFile; fileRef = B5F48845256910B600220405 /* CollectionViewController.swift */; };
		B5F4884B256910BD00220405 /* CollectionViewController.storyboard in Resources */ = {isa = PBXBuildFile; fileRef = B5F4884A256910BD00220405 /* CollectionViewController.storyboard */; };
		B5F488532569151A00220405 /* CollectionController.swift in Sources */ = {isa = PBXBuildFile; fileRef = B5F488522569151A00220405 /* CollectionController.swift */; };
/* End PBXBuildFile section */

/* Begin PBXContainerItemProxy section */
		B58CB6422564A46700341A80 /* PBXContainerItemProxy */ = {
			isa = PBXContainerItemProxy;
			containerPortal = B58CB6232564A46500341A80 /* Project object */;
			proxyType = 1;
			remoteGlobalIDString = B58CB62A2564A46500341A80;
			remoteInfo = "Unsplash-iOS";
		};
		B58CB64D2564A46700341A80 /* PBXContainerItemProxy */ = {
			isa = PBXContainerItemProxy;
			containerPortal = B58CB6232564A46500341A80 /* Project object */;
			proxyType = 1;
			remoteGlobalIDString = B58CB62A2564A46500341A80;
			remoteInfo = "Unsplash-iOS";
		};
/* End PBXContainerItemProxy section */

/* Begin PBXFileReference section */
		B514124525660657005205D0 /* ImageTableViewCell.swift */ = {isa = PBXFileReference; lastKnownFileType = sourcecode.swift; path = ImageTableViewCell.swift; sourceTree = "<group>"; };
		B514124625660657005205D0 /* ImageTableViewCell.xib */ = {isa = PBXFileReference; lastKnownFileType = file.xib; path = ImageTableViewCell.xib; sourceTree = "<group>"; };
		B51412502566082E005205D0 /* MainController.swift */ = {isa = PBXFileReference; lastKnownFileType = sourcecode.swift; path = MainController.swift; sourceTree = "<group>"; };
		B514125C2566274F005205D0 /* UIViewControllerExtension.swift */ = {isa = PBXFileReference; lastKnownFileType = sourcecode.swift; path = UIViewControllerExtension.swift; sourceTree = "<group>"; };
		B514126225662A9C005205D0 /* UIColorExtension.swift */ = {isa = PBXFileReference; lastKnownFileType = sourcecode.swift; path = UIColorExtension.swift; sourceTree = "<group>"; };
		B514126B256631BC005205D0 /* ImageLoadOperation.swift */ = {isa = PBXFileReference; lastKnownFileType = sourcecode.swift; path = ImageLoadOperation.swift; sourceTree = "<group>"; };
		B51412742566384A005205D0 /* ImageCache.swift */ = {isa = PBXFileReference; lastKnownFileType = sourcecode.swift; path = ImageCache.swift; sourceTree = "<group>"; };
		B5141288256639CD005205D0 /* ResponseSuccessModel.swift */ = {isa = PBXFileReference; lastKnownFileType = sourcecode.swift; path = ResponseSuccessModel.swift; sourceTree = "<group>"; };
		B5389526256661D800B68A41 /* ImageDetailViewController.swift */ = {isa = PBXFileReference; lastKnownFileType = sourcecode.swift; path = ImageDetailViewController.swift; sourceTree = "<group>"; };
		B538952E256661DF00B68A41 /* ImageDetailViewController.storyboard */ = {isa = PBXFileReference; lastKnownFileType = file.storyboard; path = ImageDetailViewController.storyboard; sourceTree = "<group>"; };
		B53895342566636600B68A41 /* ImageDetailCollectionViewCell.swift */ = {isa = PBXFileReference; lastKnownFileType = sourcecode.swift; path = ImageDetailCollectionViewCell.swift; sourceTree = "<group>"; };
		B53895352566636600B68A41 /* ImageDetailCollectionViewCell.xib */ = {isa = PBXFileReference; lastKnownFileType = file.xib; path = ImageDetailCollectionViewCell.xib; sourceTree = "<group>"; };
		B538953E2566B01700B68A41 /* PanDirectionGestureRecognizer.swift */ = {isa = PBXFileReference; lastKnownFileType = sourcecode.swift; path = PanDirectionGestureRecognizer.swift; sourceTree = "<group>"; };
		B538954E256748BD00B68A41 /* SizeEnum.swift */ = {isa = PBXFileReference; lastKnownFileType = sourcecode.swift; path = SizeEnum.swift; sourceTree = "<group>"; };
		B538955A25674A5600B68A41 /* CellsEnum.swift */ = {isa = PBXFileReference; lastKnownFileType = sourcecode.swift; path = CellsEnum.swift; sourceTree = "<group>"; };
		B53895692567503F00B68A41 /* ViewControllersEnum.swift */ = {isa = PBXFileReference; lastKnownFileType = sourcecode.swift; path = ViewControllersEnum.swift; sourceTree = "<group>"; };
		B538957225678A6200B68A41 /* SearchViewController.swift */ = {isa = PBXFileReference; lastKnownFileType = sourcecode.swift; path = SearchViewController.swift; sourceTree = "<group>"; };
		B538957A25678A6800B68A41 /* SearchViewController.storyboard */ = {isa = PBXFileReference; lastKnownFileType = file.storyboard; path = SearchViewController.storyboard; sourceTree = "<group>"; };
		B5389581256798AB00B68A41 /* SearchTitleTableViewCell.swift */ = {isa = PBXFileReference; lastKnownFileType = sourcecode.swift; path = SearchTitleTableViewCell.swift; sourceTree = "<group>"; };
		B5389582256798AB00B68A41 /* SearchTitleTableViewCell.xib */ = {isa = PBXFileReference; lastKnownFileType = file.xib; path = SearchTitleTableViewCell.xib; sourceTree = "<group>"; };
		B538958C2567997800B68A41 /* SearchKeywordTableViewCell.swift */ = {isa = PBXFileReference; lastKnownFileType = sourcecode.swift; path = SearchKeywordTableViewCell.swift; sourceTree = "<group>"; };
		B538958D2567997800B68A41 /* SearchKeywordTableViewCell.xib */ = {isa = PBXFileReference; lastKnownFileType = file.xib; path = SearchKeywordTableViewCell.xib; sourceTree = "<group>"; };
		B538959625679A8700B68A41 /* SearchController.swift */ = {isa = PBXFileReference; lastKnownFileType = sourcecode.swift; path = SearchController.swift; sourceTree = "<group>"; };
		B538959B25679C0E00B68A41 /* SearchModel.swift */ = {isa = PBXFileReference; lastKnownFileType = sourcecode.swift; path = SearchModel.swift; sourceTree = "<group>"; };
		B53895B225679FEF00B68A41 /* ImageDetailController.swift */ = {isa = PBXFileReference; lastKnownFileType = sourcecode.swift; path = ImageDetailController.swift; sourceTree = "<group>"; };
		B53895BA2567AC7700B68A41 /* UserDefaultWrapper.swift */ = {isa = PBXFileReference; lastKnownFileType = sourcecode.swift; path = UserDefaultWrapper.swift; sourceTree = "<group>"; };
		B545569125790B1300EFF9DE /* ImageProvider.swift */ = {isa = PBXFileReference; lastKnownFileType = sourcecode.swift; path = ImageProvider.swift; sourceTree = "<group>"; };
		B58CB62B2564A46500341A80 /* Unsplash-iOS.app */ = {isa = PBXFileReference; explicitFileType = wrapper.application; includeInIndex = 0; path = "Unsplash-iOS.app"; sourceTree = BUILT_PRODUCTS_DIR; };
		B58CB62E2564A46500341A80 /* AppDelegate.swift */ = {isa = PBXFileReference; lastKnownFileType = sourcecode.swift; path = AppDelegate.swift; sourceTree = "<group>"; };
		B58CB6322564A46500341A80 /* ViewController.swift */ = {isa = PBXFileReference; lastKnownFileType = sourcecode.swift; path = ViewController.swift; sourceTree = "<group>"; };
		B58CB6352564A46500341A80 /* Base */ = {isa = PBXFileReference; lastKnownFileType = file.storyboard; name = Base; path = Base.lproj/Main.storyboard; sourceTree = "<group>"; };
		B58CB6372564A46700341A80 /* Assets.xcassets */ = {isa = PBXFileReference; lastKnownFileType = folder.assetcatalog; path = Assets.xcassets; sourceTree = "<group>"; };
		B58CB63A2564A46700341A80 /* Base */ = {isa = PBXFileReference; lastKnownFileType = file.storyboard; name = Base; path = Base.lproj/LaunchScreen.storyboard; sourceTree = "<group>"; };
		B58CB63C2564A46700341A80 /* Info.plist */ = {isa = PBXFileReference; lastKnownFileType = text.plist.xml; path = Info.plist; sourceTree = "<group>"; };
		B58CB6412564A46700341A80 /* Unsplash-iOSTests.xctest */ = {isa = PBXFileReference; explicitFileType = wrapper.cfbundle; includeInIndex = 0; path = "Unsplash-iOSTests.xctest"; sourceTree = BUILT_PRODUCTS_DIR; };
		B58CB6452564A46700341A80 /* Unsplash_iOSTests.swift */ = {isa = PBXFileReference; lastKnownFileType = sourcecode.swift; path = Unsplash_iOSTests.swift; sourceTree = "<group>"; };
		B58CB6472564A46700341A80 /* Info.plist */ = {isa = PBXFileReference; lastKnownFileType = text.plist.xml; path = Info.plist; sourceTree = "<group>"; };
		B58CB64C2564A46700341A80 /* Unsplash-iOSUITests.xctest */ = {isa = PBXFileReference; explicitFileType = wrapper.cfbundle; includeInIndex = 0; path = "Unsplash-iOSUITests.xctest"; sourceTree = BUILT_PRODUCTS_DIR; };
		B58CB6502564A46700341A80 /* Unsplash_iOSUITests.swift */ = {isa = PBXFileReference; lastKnownFileType = sourcecode.swift; path = Unsplash_iOSUITests.swift; sourceTree = "<group>"; };
		B58CB6522564A46700341A80 /* Info.plist */ = {isa = PBXFileReference; lastKnownFileType = text.plist.xml; path = Info.plist; sourceTree = "<group>"; };
		B5A34AA125650725006B5A08 /* unsplash.plist */ = {isa = PBXFileReference; lastKnownFileType = text.plist.xml; path = unsplash.plist; sourceTree = "<group>"; };
		B5A34AA925650AC9006B5A08 /* UnsplashPlistModel.swift */ = {isa = PBXFileReference; lastKnownFileType = sourcecode.swift; path = UnsplashPlistModel.swift; sourceTree = "<group>"; };
		B5A34AB025650B62006B5A08 /* APIService.swift */ = {isa = PBXFileReference; lastKnownFileType = sourcecode.swift; path = APIService.swift; sourceTree = "<group>"; };
		B5A34AC825650F2D006B5A08 /* APIRequest.swift */ = {isa = PBXFileReference; lastKnownFileType = sourcecode.swift; path = APIRequest.swift; sourceTree = "<group>"; };
		B5A53D6325694D2A002CB417 /* MyViewController.swift */ = {isa = PBXFileReference; lastKnownFileType = sourcecode.swift; path = MyViewController.swift; sourceTree = "<group>"; };
		B5A53D6C25694D35002CB417 /* MyViewController.storyboard */ = {isa = PBXFileReference; lastKnownFileType = file.storyboard; path = MyViewController.storyboard; sourceTree = "<group>"; };
		B5A53D752569523C002CB417 /* AppInfoViewController.swift */ = {isa = PBXFileReference; lastKnownFileType = sourcecode.swift; path = AppInfoViewController.swift; sourceTree = "<group>"; };
		B5A53D7D25695243002CB417 /* AppInfoViewController.storyboard */ = {isa = PBXFileReference; lastKnownFileType = file.storyboard; path = AppInfoViewController.storyboard; sourceTree = "<group>"; };
		B5CF50D525651BF100026AB9 /* PhotosModel.swift */ = {isa = PBXFileReference; lastKnownFileType = sourcecode.swift; path = PhotosModel.swift; sourceTree = "<group>"; };
		B5CF50DB25651E7300026AB9 /* APIManager.swift */ = {isa = PBXFileReference; lastKnownFileType = sourcecode.swift; path = APIManager.swift; sourceTree = "<group>"; };
		B5F4880A2568B68400220405 /* UIViewExtension.swift */ = {isa = PBXFileReference; lastKnownFileType = sourcecode.swift; path = UIViewExtension.swift; sourceTree = "<group>"; };
		B5F4880F2568BFD300220405 /* MainLoadingView.swift */ = {isa = PBXFileReference; lastKnownFileType = sourcecode.swift; path = MainLoadingView.swift; sourceTree = "<group>"; };
		B5F4881D2568F2B900220405 /* CollectionTableViewCell.swift */ = {isa = PBXFileReference; lastKnownFileType = sourcecode.swift; path = CollectionTableViewCell.swift; sourceTree = "<group>"; };
		B5F4881E2568F2B900220405 /* CollectionTableViewCell.xib */ = {isa = PBXFileReference; lastKnownFileType = file.xib; path = CollectionTableViewCell.xib; sourceTree = "<group>"; };
		B5F488272568F42B00220405 /* CollectionItemCollectionViewCell.swift */ = {isa = PBXFileReference; lastKnownFileType = sourcecode.swift; path = CollectionItemCollectionViewCell.swift; sourceTree = "<group>"; };
		B5F488282568F42B00220405 /* CollectionItemCollectionViewCell.xib */ = {isa = PBXFileReference; lastKnownFileType = file.xib; path = CollectionItemCollectionViewCell.xib; sourceTree = "<group>"; };
		B5F4882F256901C700220405 /* CollectionListController.swift */ = {isa = PBXFileReference; lastKnownFileType = sourcecode.swift; path = CollectionListController.swift; sourceTree = "<group>"; };
		B5F488342569031700220405 /* CollectionModel.swift */ = {isa = PBXFileReference; lastKnownFileType = sourcecode.swift; path = CollectionModel.swift; sourceTree = "<group>"; };
		B5F4883A25690AD200220405 /* MainListTitleTableViewCell.swift */ = {isa = PBXFileReference; lastKnownFileType = sourcecode.swift; path = MainListTitleTableViewCell.swift; sourceTree = "<group>"; };
		B5F4883B25690AD200220405 /* MainListTitleTableViewCell.xib */ = {isa = PBXFileReference; lastKnownFileType = file.xib; path = MainListTitleTableViewCell.xib; sourceTree = "<group>"; };
		B5F48845256910B600220405 /* CollectionViewController.swift */ = {isa = PBXFileReference; lastKnownFileType = sourcecode.swift; path = CollectionViewController.swift; sourceTree = "<group>"; };
		B5F4884A256910BD00220405 /* CollectionViewController.storyboard */ = {isa = PBXFileReference; lastKnownFileType = file.storyboard; path = CollectionViewController.storyboard; sourceTree = "<group>"; };
		B5F488522569151A00220405 /* CollectionController.swift */ = {isa = PBXFileReference; lastKnownFileType = sourcecode.swift; path = CollectionController.swift; sourceTree = "<group>"; };
/* End PBXFileReference section */

/* Begin PBXFrameworksBuildPhase section */
		B58CB6282564A46500341A80 /* Frameworks */ = {
			isa = PBXFrameworksBuildPhase;
			buildActionMask = 2147483647;
			files = (
			);
			runOnlyForDeploymentPostprocessing = 0;
		};
		B58CB63E2564A46700341A80 /* Frameworks */ = {
			isa = PBXFrameworksBuildPhase;
			buildActionMask = 2147483647;
			files = (
			);
			runOnlyForDeploymentPostprocessing = 0;
		};
		B58CB6492564A46700341A80 /* Frameworks */ = {
			isa = PBXFrameworksBuildPhase;
			buildActionMask = 2147483647;
			files = (
			);
			runOnlyForDeploymentPostprocessing = 0;
		};
/* End PBXFrameworksBuildPhase section */

/* Begin PBXGroup section */
		B514124425660635005205D0 /* Cells */ = {
			isa = PBXGroup;
			children = (
				B514124525660657005205D0 /* ImageTableViewCell.swift */,
				B514124625660657005205D0 /* ImageTableViewCell.xib */,
			);
			path = Cells;
			sourceTree = "<group>";
		};
		B514125B25662745005205D0 /* Extension */ = {
			isa = PBXGroup;
			children = (
				B5F4880A2568B68400220405 /* UIViewExtension.swift */,
				B514125C2566274F005205D0 /* UIViewControllerExtension.swift */,
				B514126225662A9C005205D0 /* UIColorExtension.swift */,
			);
			path = Extension;
			sourceTree = "<group>";
		};
		B514126A256631B0005205D0 /* Utils */ = {
			isa = PBXGroup;
			children = (
				B514126B256631BC005205D0 /* ImageLoadOperation.swift */,
				B51412742566384A005205D0 /* ImageCache.swift */,
				B538953E2566B01700B68A41 /* PanDirectionGestureRecognizer.swift */,
				B53895BA2567AC7700B68A41 /* UserDefaultWrapper.swift */,
			);
			path = Utils;
			sourceTree = "<group>";
		};
		B538951C25665BB900B68A41 /* ImageDetail */ = {
			isa = PBXGroup;
			children = (
				B53895332566634800B68A41 /* Cells */,
				B5389526256661D800B68A41 /* ImageDetailViewController.swift */,
				B538952E256661DF00B68A41 /* ImageDetailViewController.storyboard */,
			);
			path = ImageDetail;
			sourceTree = "<group>";
		};
		B53895332566634800B68A41 /* Cells */ = {
			isa = PBXGroup;
			children = (
				B53895342566636600B68A41 /* ImageDetailCollectionViewCell.swift */,
				B53895352566636600B68A41 /* ImageDetailCollectionViewCell.xib */,
			);
			path = Cells;
			sourceTree = "<group>";
		};
		B538957125678A5300B68A41 /* Search */ = {
			isa = PBXGroup;
			children = (
				B538957F2567986E00B68A41 /* Cells */,
				B538957225678A6200B68A41 /* SearchViewController.swift */,
				B538957A25678A6800B68A41 /* SearchViewController.storyboard */,
			);
			path = Search;
			sourceTree = "<group>";
		};
		B538957F2567986E00B68A41 /* Cells */ = {
			isa = PBXGroup;
			children = (
				B5389581256798AB00B68A41 /* SearchTitleTableViewCell.swift */,
				B5389582256798AB00B68A41 /* SearchTitleTableViewCell.xib */,
				B538958C2567997800B68A41 /* SearchKeywordTableViewCell.swift */,
				B538958D2567997800B68A41 /* SearchKeywordTableViewCell.xib */,
			);
			path = Cells;
			sourceTree = "<group>";
		};
		B53895802567988100B68A41 /* Common */ = {
			isa = PBXGroup;
			children = (
				B514124425660635005205D0 /* Cells */,
			);
			path = Common;
			sourceTree = "<group>";
		};
		B58CB6222564A46500341A80 = {
			isa = PBXGroup;
			children = (
				B58CB62D2564A46500341A80 /* Unsplash-iOS */,
				B58CB6442564A46700341A80 /* Unsplash-iOSTests */,
				B58CB64F2564A46700341A80 /* Unsplash-iOSUITests */,
				B58CB62C2564A46500341A80 /* Products */,
			);
			sourceTree = "<group>";
		};
		B58CB62C2564A46500341A80 /* Products */ = {
			isa = PBXGroup;
			children = (
				B58CB62B2564A46500341A80 /* Unsplash-iOS.app */,
				B58CB6412564A46700341A80 /* Unsplash-iOSTests.xctest */,
				B58CB64C2564A46700341A80 /* Unsplash-iOSUITests.xctest */,
			);
			name = Products;
			sourceTree = "<group>";
		};
		B58CB62D2564A46500341A80 /* Unsplash-iOS */ = {
			isa = PBXGroup;
			children = (
				B5F4885A25693CAA00220405 /* Enums */,
				B514126A256631B0005205D0 /* Utils */,
				B514125B25662745005205D0 /* Extension */,
				B5A34AA625650A7C006B5A08 /* Network */,
				B5A34AAE25650B26006B5A08 /* Controller */,
				B5A34AA725650A8D006B5A08 /* View */,
				B5A34AA825650AAD006B5A08 /* Model */,
				B58CB62E2564A46500341A80 /* AppDelegate.swift */,
				B58CB6372564A46700341A80 /* Assets.xcassets */,
				B58CB6392564A46700341A80 /* LaunchScreen.storyboard */,
				B58CB63C2564A46700341A80 /* Info.plist */,
				B5A34AA125650725006B5A08 /* unsplash.plist */,
			);
			path = "Unsplash-iOS";
			sourceTree = "<group>";
		};
		B58CB6442564A46700341A80 /* Unsplash-iOSTests */ = {
			isa = PBXGroup;
			children = (
				B58CB6452564A46700341A80 /* Unsplash_iOSTests.swift */,
				B58CB6472564A46700341A80 /* Info.plist */,
			);
			path = "Unsplash-iOSTests";
			sourceTree = "<group>";
		};
		B58CB64F2564A46700341A80 /* Unsplash-iOSUITests */ = {
			isa = PBXGroup;
			children = (
				B58CB6502564A46700341A80 /* Unsplash_iOSUITests.swift */,
				B58CB6522564A46700341A80 /* Info.plist */,
			);
			path = "Unsplash-iOSUITests";
			sourceTree = "<group>";
		};
		B5A34AA625650A7C006B5A08 /* Network */ = {
			isa = PBXGroup;
			children = (
				B5A34AB025650B62006B5A08 /* APIService.swift */,
				B5A34AC825650F2D006B5A08 /* APIRequest.swift */,
				B5CF50DB25651E7300026AB9 /* APIManager.swift */,
			);
			path = Network;
			sourceTree = "<group>";
		};
		B5A34AA725650A8D006B5A08 /* View */ = {
			isa = PBXGroup;
			children = (
				B53895802567988100B68A41 /* Common */,
				B5A34ACD256510B2006B5A08 /* Main */,
				B538957125678A5300B68A41 /* Search */,
				B5F488442569109500220405 /* Collection */,
				B538951C25665BB900B68A41 /* ImageDetail */,
				B5A53D6225694D16002CB417 /* My */,
				B5A53D7425695229002CB417 /* AppInfo */,
			);
			path = View;
			sourceTree = "<group>";
		};
		B5A34AA825650AAD006B5A08 /* Model */ = {
			isa = PBXGroup;
			children = (
				B5CF50D525651BF100026AB9 /* PhotosModel.swift */,
				B538959B25679C0E00B68A41 /* SearchModel.swift */,
				B5F488342569031700220405 /* CollectionModel.swift */,
				B5A34AA925650AC9006B5A08 /* UnsplashPlistModel.swift */,
				B5141288256639CD005205D0 /* ResponseSuccessModel.swift */,
			);
			path = Model;
			sourceTree = "<group>";
		};
		B5A34AAE25650B26006B5A08 /* Controller */ = {
			isa = PBXGroup;
			children = (
				B51412502566082E005205D0 /* MainController.swift */,
				B538959625679A8700B68A41 /* SearchController.swift */,
				B53895B225679FEF00B68A41 /* ImageDetailController.swift */,
				B5F4882F256901C700220405 /* CollectionListController.swift */,
				B5F488522569151A00220405 /* CollectionController.swift */,
				B545569125790B1300EFF9DE /* ImageProvider.swift */,
			);
			path = Controller;
			sourceTree = "<group>";
		};
		B5A34ACD256510B2006B5A08 /* Main */ = {
			isa = PBXGroup;
			children = (
				B5F4881C2568F2AB00220405 /* Cells */,
				B58CB6322564A46500341A80 /* ViewController.swift */,
				B58CB6342564A46500341A80 /* Main.storyboard */,
				B5F4880F2568BFD300220405 /* MainLoadingView.swift */,
			);
			path = Main;
			sourceTree = "<group>";
		};
		B5A53D6225694D16002CB417 /* My */ = {
			isa = PBXGroup;
			children = (
				B5A53D6325694D2A002CB417 /* MyViewController.swift */,
				B5A53D6C25694D35002CB417 /* MyViewController.storyboard */,
			);
			path = My;
			sourceTree = "<group>";
		};
		B5A53D7425695229002CB417 /* AppInfo */ = {
			isa = PBXGroup;
			children = (
				B5A53D752569523C002CB417 /* AppInfoViewController.swift */,
				B5A53D7D25695243002CB417 /* AppInfoViewController.storyboard */,
			);
			path = AppInfo;
			sourceTree = "<group>";
		};
		B5F4881C2568F2AB00220405 /* Cells */ = {
			isa = PBXGroup;
			children = (
				B5F4881D2568F2B900220405 /* CollectionTableViewCell.swift */,
				B5F4881E2568F2B900220405 /* CollectionTableViewCell.xib */,
				B5F488272568F42B00220405 /* CollectionItemCollectionViewCell.swift */,
				B5F488282568F42B00220405 /* CollectionItemCollectionViewCell.xib */,
				B5F4883A25690AD200220405 /* MainListTitleTableViewCell.swift */,
				B5F4883B25690AD200220405 /* MainListTitleTableViewCell.xib */,
			);
			path = Cells;
			sourceTree = "<group>";
		};
		B5F488442569109500220405 /* Collection */ = {
			isa = PBXGroup;
			children = (
				B5F48845256910B600220405 /* CollectionViewController.swift */,
				B5F4884A256910BD00220405 /* CollectionViewController.storyboard */,
			);
			path = Collection;
			sourceTree = "<group>";
		};
		B5F4885A25693CAA00220405 /* Enums */ = {
			isa = PBXGroup;
			children = (
				B538954E256748BD00B68A41 /* SizeEnum.swift */,
				B538955A25674A5600B68A41 /* CellsEnum.swift */,
				B53895692567503F00B68A41 /* ViewControllersEnum.swift */,
			);
			path = Enums;
			sourceTree = "<group>";
		};
/* End PBXGroup section */

/* Begin PBXNativeTarget section */
		B58CB62A2564A46500341A80 /* Unsplash-iOS */ = {
			isa = PBXNativeTarget;
			buildConfigurationList = B58CB6552564A46700341A80 /* Build configuration list for PBXNativeTarget "Unsplash-iOS" */;
			buildPhases = (
				B58CB6272564A46500341A80 /* Sources */,
				B58CB6282564A46500341A80 /* Frameworks */,
				B58CB6292564A46500341A80 /* Resources */,
			);
			buildRules = (
			);
			dependencies = (
			);
			name = "Unsplash-iOS";
			productName = "Unsplash-iOS";
			productReference = B58CB62B2564A46500341A80 /* Unsplash-iOS.app */;
			productType = "com.apple.product-type.application";
		};
		B58CB6402564A46700341A80 /* Unsplash-iOSTests */ = {
			isa = PBXNativeTarget;
			buildConfigurationList = B58CB6582564A46700341A80 /* Build configuration list for PBXNativeTarget "Unsplash-iOSTests" */;
			buildPhases = (
				B58CB63D2564A46700341A80 /* Sources */,
				B58CB63E2564A46700341A80 /* Frameworks */,
				B58CB63F2564A46700341A80 /* Resources */,
			);
			buildRules = (
			);
			dependencies = (
				B58CB6432564A46700341A80 /* PBXTargetDependency */,
			);
			name = "Unsplash-iOSTests";
			productName = "Unsplash-iOSTests";
			productReference = B58CB6412564A46700341A80 /* Unsplash-iOSTests.xctest */;
			productType = "com.apple.product-type.bundle.unit-test";
		};
		B58CB64B2564A46700341A80 /* Unsplash-iOSUITests */ = {
			isa = PBXNativeTarget;
			buildConfigurationList = B58CB65B2564A46700341A80 /* Build configuration list for PBXNativeTarget "Unsplash-iOSUITests" */;
			buildPhases = (
				B58CB6482564A46700341A80 /* Sources */,
				B58CB6492564A46700341A80 /* Frameworks */,
				B58CB64A2564A46700341A80 /* Resources */,
			);
			buildRules = (
			);
			dependencies = (
				B58CB64E2564A46700341A80 /* PBXTargetDependency */,
			);
			name = "Unsplash-iOSUITests";
			productName = "Unsplash-iOSUITests";
			productReference = B58CB64C2564A46700341A80 /* Unsplash-iOSUITests.xctest */;
			productType = "com.apple.product-type.bundle.ui-testing";
		};
/* End PBXNativeTarget section */

/* Begin PBXProject section */
		B58CB6232564A46500341A80 /* Project object */ = {
			isa = PBXProject;
			attributes = {
				LastSwiftUpdateCheck = 1200;
				LastUpgradeCheck = 1200;
				TargetAttributes = {
					B58CB62A2564A46500341A80 = {
						CreatedOnToolsVersion = 12.0.1;
					};
					B58CB6402564A46700341A80 = {
						CreatedOnToolsVersion = 12.0.1;
						TestTargetID = B58CB62A2564A46500341A80;
					};
					B58CB64B2564A46700341A80 = {
						CreatedOnToolsVersion = 12.0.1;
						TestTargetID = B58CB62A2564A46500341A80;
					};
				};
			};
			buildConfigurationList = B58CB6262564A46500341A80 /* Build configuration list for PBXProject "Unsplash-iOS" */;
			compatibilityVersion = "Xcode 9.3";
			developmentRegion = en;
			hasScannedForEncodings = 0;
			knownRegions = (
				en,
				Base,
			);
			mainGroup = B58CB6222564A46500341A80;
			productRefGroup = B58CB62C2564A46500341A80 /* Products */;
			projectDirPath = "";
			projectRoot = "";
			targets = (
				B58CB62A2564A46500341A80 /* Unsplash-iOS */,
				B58CB6402564A46700341A80 /* Unsplash-iOSTests */,
				B58CB64B2564A46700341A80 /* Unsplash-iOSUITests */,
			);
		};
/* End PBXProject section */

/* Begin PBXResourcesBuildPhase section */
		B58CB6292564A46500341A80 /* Resources */ = {
			isa = PBXResourcesBuildPhase;
			buildActionMask = 2147483647;
			files = (
				B5F4883D25690AD200220405 /* MainListTitleTableViewCell.xib in Resources */,
				B514124825660657005205D0 /* ImageTableViewCell.xib in Resources */,
				B58CB63B2564A46700341A80 /* LaunchScreen.storyboard in Resources */,
				B53895372566636600B68A41 /* ImageDetailCollectionViewCell.xib in Resources */,
				B5F4882A2568F42B00220405 /* CollectionItemCollectionViewCell.xib in Resources */,
				B538957B25678A6800B68A41 /* SearchViewController.storyboard in Resources */,
				B5A53D7E25695243002CB417 /* AppInfoViewController.storyboard in Resources */,
				B58CB6382564A46700341A80 /* Assets.xcassets in Resources */,
				B5F488202568F2B900220405 /* CollectionTableViewCell.xib in Resources */,
				B5389584256798AB00B68A41 /* SearchTitleTableViewCell.xib in Resources */,
				B5A34AA225650725006B5A08 /* unsplash.plist in Resources */,
				B538952F256661DF00B68A41 /* ImageDetailViewController.storyboard in Resources */,
				B5A53D6D25694D35002CB417 /* MyViewController.storyboard in Resources */,
				B58CB6362564A46500341A80 /* Main.storyboard in Resources */,
				B538958F2567997800B68A41 /* SearchKeywordTableViewCell.xib in Resources */,
				B5F4884B256910BD00220405 /* CollectionViewController.storyboard in Resources */,
			);
			runOnlyForDeploymentPostprocessing = 0;
		};
		B58CB63F2564A46700341A80 /* Resources */ = {
			isa = PBXResourcesBuildPhase;
			buildActionMask = 2147483647;
			files = (
			);
			runOnlyForDeploymentPostprocessing = 0;
		};
		B58CB64A2564A46700341A80 /* Resources */ = {
			isa = PBXResourcesBuildPhase;
			buildActionMask = 2147483647;
			files = (
			);
			runOnlyForDeploymentPostprocessing = 0;
		};
/* End PBXResourcesBuildPhase section */

/* Begin PBXSourcesBuildPhase section */
		B58CB6272564A46500341A80 /* Sources */ = {
			isa = PBXSourcesBuildPhase;
			buildActionMask = 2147483647;
			files = (
				B5F4880B2568B68400220405 /* UIViewExtension.swift in Sources */,
				B5F488532569151A00220405 /* CollectionController.swift in Sources */,
				B58CB6332564A46500341A80 /* ViewController.swift in Sources */,
				B538956A2567503F00B68A41 /* ViewControllersEnum.swift in Sources */,
				B538953F2566B01700B68A41 /* PanDirectionGestureRecognizer.swift in Sources */,
				B5F488292568F42B00220405 /* CollectionItemCollectionViewCell.swift in Sources */,
				B538959725679A8700B68A41 /* SearchController.swift in Sources */,
				B53895362566636600B68A41 /* ImageDetailCollectionViewCell.swift in Sources */,
				B5389583256798AB00B68A41 /* SearchTitleTableViewCell.swift in Sources */,
				B5F4881F2568F2B900220405 /* CollectionTableViewCell.swift in Sources */,
				B5A53D762569523C002CB417 /* AppInfoViewController.swift in Sources */,
				B5A53D6425694D2A002CB417 /* MyViewController.swift in Sources */,
				B538958E2567997800B68A41 /* SearchKeywordTableViewCell.swift in Sources */,
				B538955B25674A5600B68A41 /* CellsEnum.swift in Sources */,
				B51412752566384A005205D0 /* ImageCache.swift in Sources */,
				B514124725660657005205D0 /* ImageTableViewCell.swift in Sources */,
				B5F4883C25690AD200220405 /* MainListTitleTableViewCell.swift in Sources */,
				B514125D2566274F005205D0 /* UIViewControllerExtension.swift in Sources */,
				B53895B325679FEF00B68A41 /* ImageDetailController.swift in Sources */,
				B538959C25679C0E00B68A41 /* SearchModel.swift in Sources */,
				B538954F256748BD00B68A41 /* SizeEnum.swift in Sources */,
				B514126C256631BC005205D0 /* ImageLoadOperation.swift in Sources */,
				B58CB62F2564A46500341A80 /* AppDelegate.swift in Sources */,
				B53895BB2567AC7700B68A41 /* UserDefaultWrapper.swift in Sources */,
				B5F48830256901C700220405 /* CollectionListController.swift in Sources */,
				B5CF50D625651BF100026AB9 /* PhotosModel.swift in Sources */,
				B538957325678A6200B68A41 /* SearchViewController.swift in Sources */,
				B5F488352569031700220405 /* CollectionModel.swift in Sources */,
				B51412512566082E005205D0 /* MainController.swift in Sources */,
				B5A34AB125650B62006B5A08 /* APIService.swift in Sources */,
				B5A34AC925650F2D006B5A08 /* APIRequest.swift in Sources */,
				B5F48846256910B600220405 /* CollectionViewController.swift in Sources */,
				B545569225790B1300EFF9DE /* ImageProvider.swift in Sources */,
				B514126325662A9C005205D0 /* UIColorExtension.swift in Sources */,
				B5A34AAA25650AC9006B5A08 /* UnsplashPlistModel.swift in Sources */,
				B5141289256639CD005205D0 /* ResponseSuccessModel.swift in Sources */,
				B5389527256661D800B68A41 /* ImageDetailViewController.swift in Sources */,
				B5F488102568BFD300220405 /* MainLoadingView.swift in Sources */,
				B5CF50DC25651E7300026AB9 /* APIManager.swift in Sources */,
			);
			runOnlyForDeploymentPostprocessing = 0;
		};
		B58CB63D2564A46700341A80 /* Sources */ = {
			isa = PBXSourcesBuildPhase;
			buildActionMask = 2147483647;
			files = (
				B58CB6462564A46700341A80 /* Unsplash_iOSTests.swift in Sources */,
			);
			runOnlyForDeploymentPostprocessing = 0;
		};
		B58CB6482564A46700341A80 /* Sources */ = {
			isa = PBXSourcesBuildPhase;
			buildActionMask = 2147483647;
			files = (
				B58CB6512564A46700341A80 /* Unsplash_iOSUITests.swift in Sources */,
			);
			runOnlyForDeploymentPostprocessing = 0;
		};
/* End PBXSourcesBuildPhase section */

/* Begin PBXTargetDependency section */
		B58CB6432564A46700341A80 /* PBXTargetDependency */ = {
			isa = PBXTargetDependency;
			target = B58CB62A2564A46500341A80 /* Unsplash-iOS */;
			targetProxy = B58CB6422564A46700341A80 /* PBXContainerItemProxy */;
		};
		B58CB64E2564A46700341A80 /* PBXTargetDependency */ = {
			isa = PBXTargetDependency;
			target = B58CB62A2564A46500341A80 /* Unsplash-iOS */;
			targetProxy = B58CB64D2564A46700341A80 /* PBXContainerItemProxy */;
		};
/* End PBXTargetDependency section */

/* Begin PBXVariantGroup section */
		B58CB6342564A46500341A80 /* Main.storyboard */ = {
			isa = PBXVariantGroup;
			children = (
				B58CB6352564A46500341A80 /* Base */,
			);
			name = Main.storyboard;
			sourceTree = "<group>";
		};
		B58CB6392564A46700341A80 /* LaunchScreen.storyboard */ = {
			isa = PBXVariantGroup;
			children = (
				B58CB63A2564A46700341A80 /* Base */,
			);
			name = LaunchScreen.storyboard;
			sourceTree = "<group>";
		};
/* End PBXVariantGroup section */

/* Begin XCBuildConfiguration section */
		B58CB6532564A46700341A80 /* Debug */ = {
			isa = XCBuildConfiguration;
			buildSettings = {
				ALWAYS_SEARCH_USER_PATHS = NO;
				CLANG_ANALYZER_NONNULL = YES;
				CLANG_ANALYZER_NUMBER_OBJECT_CONVERSION = YES_AGGRESSIVE;
				CLANG_CXX_LANGUAGE_STANDARD = "gnu++14";
				CLANG_CXX_LIBRARY = "libc++";
				CLANG_ENABLE_MODULES = YES;
				CLANG_ENABLE_OBJC_ARC = YES;
				CLANG_ENABLE_OBJC_WEAK = YES;
				CLANG_WARN_BLOCK_CAPTURE_AUTORELEASING = YES;
				CLANG_WARN_BOOL_CONVERSION = YES;
				CLANG_WARN_COMMA = YES;
				CLANG_WARN_CONSTANT_CONVERSION = YES;
				CLANG_WARN_DEPRECATED_OBJC_IMPLEMENTATIONS = YES;
				CLANG_WARN_DIRECT_OBJC_ISA_USAGE = YES_ERROR;
				CLANG_WARN_DOCUMENTATION_COMMENTS = YES;
				CLANG_WARN_EMPTY_BODY = YES;
				CLANG_WARN_ENUM_CONVERSION = YES;
				CLANG_WARN_INFINITE_RECURSION = YES;
				CLANG_WARN_INT_CONVERSION = YES;
				CLANG_WARN_NON_LITERAL_NULL_CONVERSION = YES;
				CLANG_WARN_OBJC_IMPLICIT_RETAIN_SELF = YES;
				CLANG_WARN_OBJC_LITERAL_CONVERSION = YES;
				CLANG_WARN_OBJC_ROOT_CLASS = YES_ERROR;
				CLANG_WARN_QUOTED_INCLUDE_IN_FRAMEWORK_HEADER = YES;
				CLANG_WARN_RANGE_LOOP_ANALYSIS = YES;
				CLANG_WARN_STRICT_PROTOTYPES = YES;
				CLANG_WARN_SUSPICIOUS_MOVE = YES;
				CLANG_WARN_UNGUARDED_AVAILABILITY = YES_AGGRESSIVE;
				CLANG_WARN_UNREACHABLE_CODE = YES;
				CLANG_WARN__DUPLICATE_METHOD_MATCH = YES;
				COPY_PHASE_STRIP = NO;
				DEBUG_INFORMATION_FORMAT = dwarf;
				ENABLE_STRICT_OBJC_MSGSEND = YES;
				ENABLE_TESTABILITY = YES;
				GCC_C_LANGUAGE_STANDARD = gnu11;
				GCC_DYNAMIC_NO_PIC = NO;
				GCC_NO_COMMON_BLOCKS = YES;
				GCC_OPTIMIZATION_LEVEL = 0;
				GCC_PREPROCESSOR_DEFINITIONS = (
					"DEBUG=1",
					"$(inherited)",
				);
				GCC_WARN_64_TO_32_BIT_CONVERSION = YES;
				GCC_WARN_ABOUT_RETURN_TYPE = YES_ERROR;
				GCC_WARN_UNDECLARED_SELECTOR = YES;
				GCC_WARN_UNINITIALIZED_AUTOS = YES_AGGRESSIVE;
				GCC_WARN_UNUSED_FUNCTION = YES;
				GCC_WARN_UNUSED_VARIABLE = YES;
				IPHONEOS_DEPLOYMENT_TARGET = 14.0;
				MTL_ENABLE_DEBUG_INFO = INCLUDE_SOURCE;
				MTL_FAST_MATH = YES;
				ONLY_ACTIVE_ARCH = YES;
				SDKROOT = iphoneos;
				SWIFT_ACTIVE_COMPILATION_CONDITIONS = DEBUG;
				SWIFT_OPTIMIZATION_LEVEL = "-Onone";
			};
			name = Debug;
		};
		B58CB6542564A46700341A80 /* Release */ = {
			isa = XCBuildConfiguration;
			buildSettings = {
				ALWAYS_SEARCH_USER_PATHS = NO;
				CLANG_ANALYZER_NONNULL = YES;
				CLANG_ANALYZER_NUMBER_OBJECT_CONVERSION = YES_AGGRESSIVE;
				CLANG_CXX_LANGUAGE_STANDARD = "gnu++14";
				CLANG_CXX_LIBRARY = "libc++";
				CLANG_ENABLE_MODULES = YES;
				CLANG_ENABLE_OBJC_ARC = YES;
				CLANG_ENABLE_OBJC_WEAK = YES;
				CLANG_WARN_BLOCK_CAPTURE_AUTORELEASING = YES;
				CLANG_WARN_BOOL_CONVERSION = YES;
				CLANG_WARN_COMMA = YES;
				CLANG_WARN_CONSTANT_CONVERSION = YES;
				CLANG_WARN_DEPRECATED_OBJC_IMPLEMENTATIONS = YES;
				CLANG_WARN_DIRECT_OBJC_ISA_USAGE = YES_ERROR;
				CLANG_WARN_DOCUMENTATION_COMMENTS = YES;
				CLANG_WARN_EMPTY_BODY = YES;
				CLANG_WARN_ENUM_CONVERSION = YES;
				CLANG_WARN_INFINITE_RECURSION = YES;
				CLANG_WARN_INT_CONVERSION = YES;
				CLANG_WARN_NON_LITERAL_NULL_CONVERSION = YES;
				CLANG_WARN_OBJC_IMPLICIT_RETAIN_SELF = YES;
				CLANG_WARN_OBJC_LITERAL_CONVERSION = YES;
				CLANG_WARN_OBJC_ROOT_CLASS = YES_ERROR;
				CLANG_WARN_QUOTED_INCLUDE_IN_FRAMEWORK_HEADER = YES;
				CLANG_WARN_RANGE_LOOP_ANALYSIS = YES;
				CLANG_WARN_STRICT_PROTOTYPES = YES;
				CLANG_WARN_SUSPICIOUS_MOVE = YES;
				CLANG_WARN_UNGUARDED_AVAILABILITY = YES_AGGRESSIVE;
				CLANG_WARN_UNREACHABLE_CODE = YES;
				CLANG_WARN__DUPLICATE_METHOD_MATCH = YES;
				COPY_PHASE_STRIP = NO;
				DEBUG_INFORMATION_FORMAT = "dwarf-with-dsym";
				ENABLE_NS_ASSERTIONS = NO;
				ENABLE_STRICT_OBJC_MSGSEND = YES;
				GCC_C_LANGUAGE_STANDARD = gnu11;
				GCC_NO_COMMON_BLOCKS = YES;
				GCC_WARN_64_TO_32_BIT_CONVERSION = YES;
				GCC_WARN_ABOUT_RETURN_TYPE = YES_ERROR;
				GCC_WARN_UNDECLARED_SELECTOR = YES;
				GCC_WARN_UNINITIALIZED_AUTOS = YES_AGGRESSIVE;
				GCC_WARN_UNUSED_FUNCTION = YES;
				GCC_WARN_UNUSED_VARIABLE = YES;
				IPHONEOS_DEPLOYMENT_TARGET = 14.0;
				MTL_ENABLE_DEBUG_INFO = NO;
				MTL_FAST_MATH = YES;
				SDKROOT = iphoneos;
				SWIFT_COMPILATION_MODE = wholemodule;
				SWIFT_OPTIMIZATION_LEVEL = "-O";
				VALIDATE_PRODUCT = YES;
			};
			name = Release;
		};
		B58CB6562564A46700341A80 /* Debug */ = {
			isa = XCBuildConfiguration;
			buildSettings = {
				ASSETCATALOG_COMPILER_APPICON_NAME = AppIcon;
				ASSETCATALOG_COMPILER_GLOBAL_ACCENT_COLOR_NAME = AccentColor;
				CODE_SIGN_STYLE = Automatic;
				DEVELOPMENT_TEAM = AYUBF3UYBE;
				INFOPLIST_FILE = "Unsplash-iOS/Info.plist";
				IPHONEOS_DEPLOYMENT_TARGET = 12.0;
				LD_RUNPATH_SEARCH_PATHS = (
					"$(inherited)",
					"@executable_path/Frameworks",
				);
				MARKETING_VERSION = 1.0.0;
				PRODUCT_BUNDLE_IDENTIFIER = "swieeft.Unsplash-iOS";
				PRODUCT_NAME = "$(TARGET_NAME)";
				SWIFT_VERSION = 5.0;
				TARGETED_DEVICE_FAMILY = 1;
			};
			name = Debug;
		};
		B58CB6572564A46700341A80 /* Release */ = {
			isa = XCBuildConfiguration;
			buildSettings = {
				ASSETCATALOG_COMPILER_APPICON_NAME = AppIcon;
				ASSETCATALOG_COMPILER_GLOBAL_ACCENT_COLOR_NAME = AccentColor;
				CODE_SIGN_STYLE = Automatic;
				DEVELOPMENT_TEAM = AYUBF3UYBE;
				INFOPLIST_FILE = "Unsplash-iOS/Info.plist";
				IPHONEOS_DEPLOYMENT_TARGET = 12.0;
				LD_RUNPATH_SEARCH_PATHS = (
					"$(inherited)",
					"@executable_path/Frameworks",
				);
				MARKETING_VERSION = 1.0.0;
				PRODUCT_BUNDLE_IDENTIFIER = "swieeft.Unsplash-iOS";
				PRODUCT_NAME = "$(TARGET_NAME)";
				SWIFT_VERSION = 5.0;
				TARGETED_DEVICE_FAMILY = 1;
			};
			name = Release;
		};
		B58CB6592564A46700341A80 /* Debug */ = {
			isa = XCBuildConfiguration;
			buildSettings = {
				ALWAYS_EMBED_SWIFT_STANDARD_LIBRARIES = YES;
				BUNDLE_LOADER = "$(TEST_HOST)";
				CODE_SIGN_STYLE = Automatic;
				DEVELOPMENT_TEAM = AYUBF3UYBE;
				INFOPLIST_FILE = "Unsplash-iOSTests/Info.plist";
				IPHONEOS_DEPLOYMENT_TARGET = 14.0;
				LD_RUNPATH_SEARCH_PATHS = (
					"$(inherited)",
					"@executable_path/Frameworks",
					"@loader_path/Frameworks",
				);
				PRODUCT_BUNDLE_IDENTIFIER = "swieeft.Unsplash-iOSTests";
				PRODUCT_NAME = "$(TARGET_NAME)";
				SWIFT_VERSION = 5.0;
				TARGETED_DEVICE_FAMILY = "1,2";
				TEST_HOST = "$(BUILT_PRODUCTS_DIR)/Unsplash-iOS.app/Unsplash-iOS";
			};
			name = Debug;
		};
		B58CB65A2564A46700341A80 /* Release */ = {
			isa = XCBuildConfiguration;
			buildSettings = {
				ALWAYS_EMBED_SWIFT_STANDARD_LIBRARIES = YES;
				BUNDLE_LOADER = "$(TEST_HOST)";
				CODE_SIGN_STYLE = Automatic;
				DEVELOPMENT_TEAM = AYUBF3UYBE;
				INFOPLIST_FILE = "Unsplash-iOSTests/Info.plist";
				IPHONEOS_DEPLOYMENT_TARGET = 14.0;
				LD_RUNPATH_SEARCH_PATHS = (
					"$(inherited)",
					"@executable_path/Frameworks",
					"@loader_path/Frameworks",
				);
				PRODUCT_BUNDLE_IDENTIFIER = "swieeft.Unsplash-iOSTests";
				PRODUCT_NAME = "$(TARGET_NAME)";
				SWIFT_VERSION = 5.0;
				TARGETED_DEVICE_FAMILY = "1,2";
				TEST_HOST = "$(BUILT_PRODUCTS_DIR)/Unsplash-iOS.app/Unsplash-iOS";
			};
			name = Release;
		};
		B58CB65C2564A46700341A80 /* Debug */ = {
			isa = XCBuildConfiguration;
			buildSettings = {
				ALWAYS_EMBED_SWIFT_STANDARD_LIBRARIES = YES;
				CODE_SIGN_STYLE = Automatic;
				DEVELOPMENT_TEAM = AYUBF3UYBE;
				INFOPLIST_FILE = "Unsplash-iOSUITests/Info.plist";
				LD_RUNPATH_SEARCH_PATHS = (
					"$(inherited)",
					"@executable_path/Frameworks",
					"@loader_path/Frameworks",
				);
				PRODUCT_BUNDLE_IDENTIFIER = "swieeft.Unsplash-iOSUITests";
				PRODUCT_NAME = "$(TARGET_NAME)";
				SWIFT_VERSION = 5.0;
				TARGETED_DEVICE_FAMILY = "1,2";
				TEST_TARGET_NAME = "Unsplash-iOS";
			};
			name = Debug;
		};
		B58CB65D2564A46700341A80 /* Release */ = {
			isa = XCBuildConfiguration;
			buildSettings = {
				ALWAYS_EMBED_SWIFT_STANDARD_LIBRARIES = YES;
				CODE_SIGN_STYLE = Automatic;
				DEVELOPMENT_TEAM = AYUBF3UYBE;
				INFOPLIST_FILE = "Unsplash-iOSUITests/Info.plist";
				LD_RUNPATH_SEARCH_PATHS = (
					"$(inherited)",
					"@executable_path/Frameworks",
					"@loader_path/Frameworks",
				);
				PRODUCT_BUNDLE_IDENTIFIER = "swieeft.Unsplash-iOSUITests";
				PRODUCT_NAME = "$(TARGET_NAME)";
				SWIFT_VERSION = 5.0;
				TARGETED_DEVICE_FAMILY = "1,2";
				TEST_TARGET_NAME = "Unsplash-iOS";
			};
			name = Release;
		};
/* End XCBuildConfiguration section */

/* Begin XCConfigurationList section */
		B58CB6262564A46500341A80 /* Build configuration list for PBXProject "Unsplash-iOS" */ = {
			isa = XCConfigurationList;
			buildConfigurations = (
				B58CB6532564A46700341A80 /* Debug */,
				B58CB6542564A46700341A80 /* Release */,
			);
			defaultConfigurationIsVisible = 0;
			defaultConfigurationName = Release;
		};
		B58CB6552564A46700341A80 /* Build configuration list for PBXNativeTarget "Unsplash-iOS" */ = {
			isa = XCConfigurationList;
			buildConfigurations = (
				B58CB6562564A46700341A80 /* Debug */,
				B58CB6572564A46700341A80 /* Release */,
			);
			defaultConfigurationIsVisible = 0;
			defaultConfigurationName = Release;
		};
		B58CB6582564A46700341A80 /* Build configuration list for PBXNativeTarget "Unsplash-iOSTests" */ = {
			isa = XCConfigurationList;
			buildConfigurations = (
				B58CB6592564A46700341A80 /* Debug */,
				B58CB65A2564A46700341A80 /* Release */,
			);
			defaultConfigurationIsVisible = 0;
			defaultConfigurationName = Release;
		};
		B58CB65B2564A46700341A80 /* Build configuration list for PBXNativeTarget "Unsplash-iOSUITests" */ = {
			isa = XCConfigurationList;
			buildConfigurations = (
				B58CB65C2564A46700341A80 /* Debug */,
				B58CB65D2564A46700341A80 /* Release */,
			);
			defaultConfigurationIsVisible = 0;
			defaultConfigurationName = Release;
		};
/* End XCConfigurationList section */
	};
	rootObject = B58CB6232564A46500341A80 /* Project object */;
}
